// !$*UTF8*$!
{
	archiveVersion = 1;
	classes = {
	};
	objectVersion = 50;
	objects = {

/* Begin PBXBuildFile section */
		5433D473F03997BE6544121A /* Pods_AccountSetupUITests.framework in Frameworks */ = {isa = PBXBuildFile; fileRef = 170D89A98D36E69EA200AA48 /* Pods_AccountSetupUITests.framework */; };
		BC4FCEB34E9CC23102D28B90 /* Pods_AccountSetupTests.framework in Frameworks */ = {isa = PBXBuildFile; fileRef = 40F27A812D1CBF312462ACA2 /* Pods_AccountSetupTests.framework */; };
		C518219FEA5856B05DA8A6B8 /* Pods_AccountSetup.framework in Frameworks */ = {isa = PBXBuildFile; fileRef = 490AF05670C7C0AD8556E76C /* Pods_AccountSetup.framework */; };
		FD7D471A21A35E0D000CD0CC /* GoogleService-Info.plist in Resources */ = {isa = PBXBuildFile; fileRef = FD7D471921A35E0D000CD0CC /* GoogleService-Info.plist */; };
		FDFA238721A359300015AFE4 /* AppDelegate.swift in Sources */ = {isa = PBXBuildFile; fileRef = FDFA238621A359300015AFE4 /* AppDelegate.swift */; };
		FDFA238921A359300015AFE4 /* ViewController.swift in Sources */ = {isa = PBXBuildFile; fileRef = FDFA238821A359300015AFE4 /* ViewController.swift */; };
		FDFA238C21A359300015AFE4 /* Main.storyboard in Resources */ = {isa = PBXBuildFile; fileRef = FDFA238A21A359300015AFE4 /* Main.storyboard */; };
		FDFA238E21A359300015AFE4 /* Assets.xcassets in Resources */ = {isa = PBXBuildFile; fileRef = FDFA238D21A359300015AFE4 /* Assets.xcassets */; };
		FDFA239121A359300015AFE4 /* LaunchScreen.storyboard in Resources */ = {isa = PBXBuildFile; fileRef = FDFA238F21A359300015AFE4 /* LaunchScreen.storyboard */; };
		FDFA239C21A359310015AFE4 /* AccountSetupTests.swift in Sources */ = {isa = PBXBuildFile; fileRef = FDFA239B21A359310015AFE4 /* AccountSetupTests.swift */; };
		FDFA23A721A359310015AFE4 /* AccountSetupUITests.swift in Sources */ = {isa = PBXBuildFile; fileRef = FDFA23A621A359310015AFE4 /* AccountSetupUITests.swift */; };
/* End PBXBuildFile section */

/* Begin PBXContainerItemProxy section */
		FDFA239821A359310015AFE4 /* PBXContainerItemProxy */ = {
			isa = PBXContainerItemProxy;
			containerPortal = FDFA237B21A359300015AFE4 /* Project object */;
			proxyType = 1;
			remoteGlobalIDString = FDFA238221A359300015AFE4;
			remoteInfo = AccountSetup;
		};
		FDFA23A321A359310015AFE4 /* PBXContainerItemProxy */ = {
			isa = PBXContainerItemProxy;
			containerPortal = FDFA237B21A359300015AFE4 /* Project object */;
			proxyType = 1;
			remoteGlobalIDString = FDFA238221A359300015AFE4;
			remoteInfo = AccountSetup;
		};
/* End PBXContainerItemProxy section */

/* Begin PBXFileReference section */
		02230DA454A6093A87BB7FED /* Pods-AccountSetup.release.xcconfig */ = {isa = PBXFileReference; includeInIndex = 1; lastKnownFileType = text.xcconfig; name = "Pods-AccountSetup.release.xcconfig"; path = "Pods/Target Support Files/Pods-AccountSetup/Pods-AccountSetup.release.xcconfig"; sourceTree = "<group>"; };
		130CAF2C4B378077CD448511 /* Pods-AccountSetupTests.release.xcconfig */ = {isa = PBXFileReference; includeInIndex = 1; lastKnownFileType = text.xcconfig; name = "Pods-AccountSetupTests.release.xcconfig"; path = "Pods/Target Support Files/Pods-AccountSetupTests/Pods-AccountSetupTests.release.xcconfig"; sourceTree = "<group>"; };
		170D89A98D36E69EA200AA48 /* Pods_AccountSetupUITests.framework */ = {isa = PBXFileReference; explicitFileType = wrapper.framework; includeInIndex = 0; path = Pods_AccountSetupUITests.framework; sourceTree = BUILT_PRODUCTS_DIR; };
		37EA72DC379280146D3FD94C /* Pods-AccountSetupUITests.release.xcconfig */ = {isa = PBXFileReference; includeInIndex = 1; lastKnownFileType = text.xcconfig; name = "Pods-AccountSetupUITests.release.xcconfig"; path = "Pods/Target Support Files/Pods-AccountSetupUITests/Pods-AccountSetupUITests.release.xcconfig"; sourceTree = "<group>"; };
		40F27A812D1CBF312462ACA2 /* Pods_AccountSetupTests.framework */ = {isa = PBXFileReference; explicitFileType = wrapper.framework; includeInIndex = 0; path = Pods_AccountSetupTests.framework; sourceTree = BUILT_PRODUCTS_DIR; };
		490AF05670C7C0AD8556E76C /* Pods_AccountSetup.framework */ = {isa = PBXFileReference; explicitFileType = wrapper.framework; includeInIndex = 0; path = Pods_AccountSetup.framework; sourceTree = BUILT_PRODUCTS_DIR; };
		5971A43566C62872622D39CC /* Pods-AccountSetupUITests.debug.xcconfig */ = {isa = PBXFileReference; includeInIndex = 1; lastKnownFileType = text.xcconfig; name = "Pods-AccountSetupUITests.debug.xcconfig"; path = "Pods/Target Support Files/Pods-AccountSetupUITests/Pods-AccountSetupUITests.debug.xcconfig"; sourceTree = "<group>"; };
		DC7206B99E71595EC881045B /* Pods-AccountSetup.debug.xcconfig */ = {isa = PBXFileReference; includeInIndex = 1; lastKnownFileType = text.xcconfig; name = "Pods-AccountSetup.debug.xcconfig"; path = "Pods/Target Support Files/Pods-AccountSetup/Pods-AccountSetup.debug.xcconfig"; sourceTree = "<group>"; };
		E6B7DC480F7EF0BA0BAA8A25 /* Pods-AccountSetupTests.debug.xcconfig */ = {isa = PBXFileReference; includeInIndex = 1; lastKnownFileType = text.xcconfig; name = "Pods-AccountSetupTests.debug.xcconfig"; path = "Pods/Target Support Files/Pods-AccountSetupTests/Pods-AccountSetupTests.debug.xcconfig"; sourceTree = "<group>"; };
		FD7D471921A35E0D000CD0CC /* GoogleService-Info.plist */ = {isa = PBXFileReference; fileEncoding = 4; lastKnownFileType = text.plist.xml; path = "GoogleService-Info.plist"; sourceTree = "<group>"; };
		FDFA238321A359300015AFE4 /* AccountSetup.app */ = {isa = PBXFileReference; explicitFileType = wrapper.application; includeInIndex = 0; path = AccountSetup.app; sourceTree = BUILT_PRODUCTS_DIR; };
		FDFA238621A359300015AFE4 /* AppDelegate.swift */ = {isa = PBXFileReference; lastKnownFileType = sourcecode.swift; path = AppDelegate.swift; sourceTree = "<group>"; };
		FDFA238821A359300015AFE4 /* ViewController.swift */ = {isa = PBXFileReference; lastKnownFileType = sourcecode.swift; path = ViewController.swift; sourceTree = "<group>"; };
		FDFA238B21A359300015AFE4 /* Base */ = {isa = PBXFileReference; lastKnownFileType = file.storyboard; name = Base; path = Base.lproj/Main.storyboard; sourceTree = "<group>"; };
		FDFA238D21A359300015AFE4 /* Assets.xcassets */ = {isa = PBXFileReference; lastKnownFileType = folder.assetcatalog; path = Assets.xcassets; sourceTree = "<group>"; };
		FDFA239021A359300015AFE4 /* Base */ = {isa = PBXFileReference; lastKnownFileType = file.storyboard; name = Base; path = Base.lproj/LaunchScreen.storyboard; sourceTree = "<group>"; };
		FDFA239221A359310015AFE4 /* Info.plist */ = {isa = PBXFileReference; lastKnownFileType = text.plist.xml; path = Info.plist; sourceTree = "<group>"; };
		FDFA239721A359310015AFE4 /* AccountSetupTests.xctest */ = {isa = PBXFileReference; explicitFileType = wrapper.cfbundle; includeInIndex = 0; path = AccountSetupTests.xctest; sourceTree = BUILT_PRODUCTS_DIR; };
		FDFA239B21A359310015AFE4 /* AccountSetupTests.swift */ = {isa = PBXFileReference; lastKnownFileType = sourcecode.swift; path = AccountSetupTests.swift; sourceTree = "<group>"; };
		FDFA239D21A359310015AFE4 /* Info.plist */ = {isa = PBXFileReference; lastKnownFileType = text.plist.xml; path = Info.plist; sourceTree = "<group>"; };
		FDFA23A221A359310015AFE4 /* AccountSetupUITests.xctest */ = {isa = PBXFileReference; explicitFileType = wrapper.cfbundle; includeInIndex = 0; path = AccountSetupUITests.xctest; sourceTree = BUILT_PRODUCTS_DIR; };
		FDFA23A621A359310015AFE4 /* AccountSetupUITests.swift */ = {isa = PBXFileReference; lastKnownFileType = sourcecode.swift; path = AccountSetupUITests.swift; sourceTree = "<group>"; };
		FDFA23A821A359310015AFE4 /* Info.plist */ = {isa = PBXFileReference; lastKnownFileType = text.plist.xml; path = Info.plist; sourceTree = "<group>"; };
/* End PBXFileReference section */

/* Begin PBXFrameworksBuildPhase section */
		FDFA238021A359300015AFE4 /* Frameworks */ = {
			isa = PBXFrameworksBuildPhase;
			buildActionMask = 2147483647;
			files = (
				C518219FEA5856B05DA8A6B8 /* Pods_AccountSetup.framework in Frameworks */,
			);
			runOnlyForDeploymentPostprocessing = 0;
		};
		FDFA239421A359310015AFE4 /* Frameworks */ = {
			isa = PBXFrameworksBuildPhase;
			buildActionMask = 2147483647;
			files = (
				BC4FCEB34E9CC23102D28B90 /* Pods_AccountSetupTests.framework in Frameworks */,
			);
			runOnlyForDeploymentPostprocessing = 0;
		};
		FDFA239F21A359310015AFE4 /* Frameworks */ = {
			isa = PBXFrameworksBuildPhase;
			buildActionMask = 2147483647;
			files = (
				5433D473F03997BE6544121A /* Pods_AccountSetupUITests.framework in Frameworks */,
			);
			runOnlyForDeploymentPostprocessing = 0;
		};
/* End PBXFrameworksBuildPhase section */

/* Begin PBXGroup section */
		451DEC56626457C2F9C1EC5E /* Pods */ = {
			isa = PBXGroup;
			children = (
				DC7206B99E71595EC881045B /* Pods-AccountSetup.debug.xcconfig */,
				02230DA454A6093A87BB7FED /* Pods-AccountSetup.release.xcconfig */,
				E6B7DC480F7EF0BA0BAA8A25 /* Pods-AccountSetupTests.debug.xcconfig */,
				130CAF2C4B378077CD448511 /* Pods-AccountSetupTests.release.xcconfig */,
				5971A43566C62872622D39CC /* Pods-AccountSetupUITests.debug.xcconfig */,
				37EA72DC379280146D3FD94C /* Pods-AccountSetupUITests.release.xcconfig */,
			);
			name = Pods;
			sourceTree = "<group>";
		};
		F2FC8C7430DF8D1518692A9C /* Frameworks */ = {
			isa = PBXGroup;
			children = (
				490AF05670C7C0AD8556E76C /* Pods_AccountSetup.framework */,
				40F27A812D1CBF312462ACA2 /* Pods_AccountSetupTests.framework */,
				170D89A98D36E69EA200AA48 /* Pods_AccountSetupUITests.framework */,
			);
			name = Frameworks;
			sourceTree = "<group>";
		};
		FDFA237A21A359300015AFE4 = {
			isa = PBXGroup;
			children = (
				FDFA238521A359300015AFE4 /* AccountSetup */,
				FDFA239A21A359310015AFE4 /* AccountSetupTests */,
				FDFA23A521A359310015AFE4 /* AccountSetupUITests */,
				FDFA238421A359300015AFE4 /* Products */,
				451DEC56626457C2F9C1EC5E /* Pods */,
				F2FC8C7430DF8D1518692A9C /* Frameworks */,
			);
			sourceTree = "<group>";
		};
		FDFA238421A359300015AFE4 /* Products */ = {
			isa = PBXGroup;
			children = (
				FDFA238321A359300015AFE4 /* AccountSetup.app */,
				FDFA239721A359310015AFE4 /* AccountSetupTests.xctest */,
				FDFA23A221A359310015AFE4 /* AccountSetupUITests.xctest */,
			);
			name = Products;
			sourceTree = "<group>";
		};
		FDFA238521A359300015AFE4 /* AccountSetup */ = {
			isa = PBXGroup;
			children = (
				FD7D471921A35E0D000CD0CC /* GoogleService-Info.plist */,
				FDFA238621A359300015AFE4 /* AppDelegate.swift */,
				FDFA238821A359300015AFE4 /* ViewController.swift */,
				FDFA238A21A359300015AFE4 /* Main.storyboard */,
				FDFA238D21A359300015AFE4 /* Assets.xcassets */,
				FDFA238F21A359300015AFE4 /* LaunchScreen.storyboard */,
				FDFA239221A359310015AFE4 /* Info.plist */,
			);
			path = AccountSetup;
			sourceTree = "<group>";
		};
		FDFA239A21A359310015AFE4 /* AccountSetupTests */ = {
			isa = PBXGroup;
			children = (
				FDFA239B21A359310015AFE4 /* AccountSetupTests.swift */,
				FDFA239D21A359310015AFE4 /* Info.plist */,
			);
			path = AccountSetupTests;
			sourceTree = "<group>";
		};
		FDFA23A521A359310015AFE4 /* AccountSetupUITests */ = {
			isa = PBXGroup;
			children = (
				FDFA23A621A359310015AFE4 /* AccountSetupUITests.swift */,
				FDFA23A821A359310015AFE4 /* Info.plist */,
			);
			path = AccountSetupUITests;
			sourceTree = "<group>";
		};
/* End PBXGroup section */

/* Begin PBXNativeTarget section */
		FDFA238221A359300015AFE4 /* AccountSetup */ = {
			isa = PBXNativeTarget;
			buildConfigurationList = FDFA23AB21A359310015AFE4 /* Build configuration list for PBXNativeTarget "AccountSetup" */;
			buildPhases = (
				E87EF2AB8461EA06E327D2CC /* [CP] Check Pods Manifest.lock */,
				FDFA237F21A359300015AFE4 /* Sources */,
				FDFA238021A359300015AFE4 /* Frameworks */,
				FDFA238121A359300015AFE4 /* Resources */,
				F12E0197570DC68D5891BF6C /* [CP] Embed Pods Frameworks */,
				565569D2CB126B28EC08D956 /* [CP] Copy Pods Resources */,
			);
			buildRules = (
			);
			dependencies = (
			);
			name = AccountSetup;
			productName = AccountSetup;
			productReference = FDFA238321A359300015AFE4 /* AccountSetup.app */;
			productType = "com.apple.product-type.application";
		};
		FDFA239621A359310015AFE4 /* AccountSetupTests */ = {
			isa = PBXNativeTarget;
			buildConfigurationList = FDFA23AE21A359310015AFE4 /* Build configuration list for PBXNativeTarget "AccountSetupTests" */;
			buildPhases = (
				58B4C4A0A575E18D63A88017 /* [CP] Check Pods Manifest.lock */,
				FDFA239321A359310015AFE4 /* Sources */,
				FDFA239421A359310015AFE4 /* Frameworks */,
				FDFA239521A359310015AFE4 /* Resources */,
			);
			buildRules = (
			);
			dependencies = (
				FDFA239921A359310015AFE4 /* PBXTargetDependency */,
			);
			name = AccountSetupTests;
			productName = AccountSetupTests;
			productReference = FDFA239721A359310015AFE4 /* AccountSetupTests.xctest */;
			productType = "com.apple.product-type.bundle.unit-test";
		};
		FDFA23A121A359310015AFE4 /* AccountSetupUITests */ = {
			isa = PBXNativeTarget;
			buildConfigurationList = FDFA23B121A359310015AFE4 /* Build configuration list for PBXNativeTarget "AccountSetupUITests" */;
			buildPhases = (
				7799986205765C20509EA825 /* [CP] Check Pods Manifest.lock */,
				FDFA239E21A359310015AFE4 /* Sources */,
				FDFA239F21A359310015AFE4 /* Frameworks */,
				FDFA23A021A359310015AFE4 /* Resources */,
			);
			buildRules = (
			);
			dependencies = (
				FDFA23A421A359310015AFE4 /* PBXTargetDependency */,
			);
			name = AccountSetupUITests;
			productName = AccountSetupUITests;
			productReference = FDFA23A221A359310015AFE4 /* AccountSetupUITests.xctest */;
			productType = "com.apple.product-type.bundle.ui-testing";
		};
/* End PBXNativeTarget section */

/* Begin PBXProject section */
		FDFA237B21A359300015AFE4 /* Project object */ = {
			isa = PBXProject;
			attributes = {
				LastSwiftUpdateCheck = 1000;
				LastUpgradeCheck = 1000;
				ORGANIZATIONNAME = "Sravya Sri Divakarla";
				TargetAttributes = {
					FDFA238221A359300015AFE4 = {
						CreatedOnToolsVersion = 10.0;
					};
					FDFA239621A359310015AFE4 = {
						CreatedOnToolsVersion = 10.0;
						TestTargetID = FDFA238221A359300015AFE4;
					};
					FDFA23A121A359310015AFE4 = {
						CreatedOnToolsVersion = 10.0;
						TestTargetID = FDFA238221A359300015AFE4;
					};
				};
			};
			buildConfigurationList = FDFA237E21A359300015AFE4 /* Build configuration list for PBXProject "AccountSetup" */;
			compatibilityVersion = "Xcode 9.3";
			developmentRegion = en;
			hasScannedForEncodings = 0;
			knownRegions = (
				en,
				Base,
			);
			mainGroup = FDFA237A21A359300015AFE4;
			productRefGroup = FDFA238421A359300015AFE4 /* Products */;
			projectDirPath = "";
			projectRoot = "";
			targets = (
				FDFA238221A359300015AFE4 /* AccountSetup */,
				FDFA239621A359310015AFE4 /* AccountSetupTests */,
				FDFA23A121A359310015AFE4 /* AccountSetupUITests */,
			);
		};
/* End PBXProject section */

/* Begin PBXResourcesBuildPhase section */
		FDFA238121A359300015AFE4 /* Resources */ = {
			isa = PBXResourcesBuildPhase;
			buildActionMask = 2147483647;
			files = (
				FDFA239121A359300015AFE4 /* LaunchScreen.storyboard in Resources */,
				FD7D471A21A35E0D000CD0CC /* GoogleService-Info.plist in Resources */,
				FDFA238E21A359300015AFE4 /* Assets.xcassets in Resources */,
				FDFA238C21A359300015AFE4 /* Main.storyboard in Resources */,
			);
			runOnlyForDeploymentPostprocessing = 0;
		};
		FDFA239521A359310015AFE4 /* Resources */ = {
			isa = PBXResourcesBuildPhase;
			buildActionMask = 2147483647;
			files = (
			);
			runOnlyForDeploymentPostprocessing = 0;
		};
		FDFA23A021A359310015AFE4 /* Resources */ = {
			isa = PBXResourcesBuildPhase;
			buildActionMask = 2147483647;
			files = (
			);
			runOnlyForDeploymentPostprocessing = 0;
		};
/* End PBXResourcesBuildPhase section */

/* Begin PBXShellScriptBuildPhase section */
		565569D2CB126B28EC08D956 /* [CP] Copy Pods Resources */ = {
			isa = PBXShellScriptBuildPhase;
			buildActionMask = 2147483647;
			files = (
			);
			inputFileListPaths = (
			);
			inputPaths = (
				"${SRCROOT}/Pods/Target Support Files/Pods-AccountSetup/Pods-AccountSetup-resources.sh",
				"${PODS_CONFIGURATION_BUILD_DIR}/FirebaseUI/FirebaseAnonymousAuthUI.bundle",
				"${PODS_CONFIGURATION_BUILD_DIR}/FirebaseUI/FirebaseAuthUI.bundle",
				"${PODS_CONFIGURATION_BUILD_DIR}/FirebaseUI/FirebaseFacebookAuthUI.bundle",
				"${PODS_CONFIGURATION_BUILD_DIR}/FirebaseUI/FirebaseGoogleAuthUI.bundle",
				"${PODS_CONFIGURATION_BUILD_DIR}/FirebaseUI/FirebasePhoneAuthUI.bundle",
				"${PODS_CONFIGURATION_BUILD_DIR}/FirebaseUI/FirebaseTwitterAuthUI.bundle",
				"${PODS_ROOT}/GoogleSignIn/Resources/GoogleSignIn.bundle",
				"${PODS_ROOT}/TwitterKit/iOS/TwitterKit.framework/TwitterKitResources.bundle",
			);
			name = "[CP] Copy Pods Resources";
			outputFileListPaths = (
			);
			outputPaths = (
				"${TARGET_BUILD_DIR}/${UNLOCALIZED_RESOURCES_FOLDER_PATH}/FirebaseAnonymousAuthUI.bundle",
				"${TARGET_BUILD_DIR}/${UNLOCALIZED_RESOURCES_FOLDER_PATH}/FirebaseAuthUI.bundle",
				"${TARGET_BUILD_DIR}/${UNLOCALIZED_RESOURCES_FOLDER_PATH}/FirebaseFacebookAuthUI.bundle",
				"${TARGET_BUILD_DIR}/${UNLOCALIZED_RESOURCES_FOLDER_PATH}/FirebaseGoogleAuthUI.bundle",
				"${TARGET_BUILD_DIR}/${UNLOCALIZED_RESOURCES_FOLDER_PATH}/FirebasePhoneAuthUI.bundle",
				"${TARGET_BUILD_DIR}/${UNLOCALIZED_RESOURCES_FOLDER_PATH}/FirebaseTwitterAuthUI.bundle",
				"${TARGET_BUILD_DIR}/${UNLOCALIZED_RESOURCES_FOLDER_PATH}/GoogleSignIn.bundle",
				"${TARGET_BUILD_DIR}/${UNLOCALIZED_RESOURCES_FOLDER_PATH}/TwitterKitResources.bundle",
			);
			runOnlyForDeploymentPostprocessing = 0;
			shellPath = /bin/sh;
			shellScript = "\"${SRCROOT}/Pods/Target Support Files/Pods-AccountSetup/Pods-AccountSetup-resources.sh\"\n";
			showEnvVarsInLog = 0;
		};
		58B4C4A0A575E18D63A88017 /* [CP] Check Pods Manifest.lock */ = {
			isa = PBXShellScriptBuildPhase;
			buildActionMask = 2147483647;
			files = (
			);
			inputFileListPaths = (
			);
			inputPaths = (
				"${PODS_PODFILE_DIR_PATH}/Podfile.lock",
				"${PODS_ROOT}/Manifest.lock",
			);
			name = "[CP] Check Pods Manifest.lock";
			outputFileListPaths = (
			);
			outputPaths = (
				"$(DERIVED_FILE_DIR)/Pods-AccountSetupTests-checkManifestLockResult.txt",
			);
			runOnlyForDeploymentPostprocessing = 0;
			shellPath = /bin/sh;
			shellScript = "diff \"${PODS_PODFILE_DIR_PATH}/Podfile.lock\" \"${PODS_ROOT}/Manifest.lock\" > /dev/null\nif [ $? != 0 ] ; then\n    # print error to STDERR\n    echo \"error: The sandbox is not in sync with the Podfile.lock. Run 'pod install' or update your CocoaPods installation.\" >&2\n    exit 1\nfi\n# This output is used by Xcode 'outputs' to avoid re-running this script phase.\necho \"SUCCESS\" > \"${SCRIPT_OUTPUT_FILE_0}\"\n";
			showEnvVarsInLog = 0;
		};
		7799986205765C20509EA825 /* [CP] Check Pods Manifest.lock */ = {
			isa = PBXShellScriptBuildPhase;
			buildActionMask = 2147483647;
			files = (
			);
			inputFileListPaths = (
			);
			inputPaths = (
				"${PODS_PODFILE_DIR_PATH}/Podfile.lock",
				"${PODS_ROOT}/Manifest.lock",
			);
			name = "[CP] Check Pods Manifest.lock";
			outputFileListPaths = (
			);
			outputPaths = (
				"$(DERIVED_FILE_DIR)/Pods-AccountSetupUITests-checkManifestLockResult.txt",
			);
			runOnlyForDeploymentPostprocessing = 0;
			shellPath = /bin/sh;
			shellScript = "diff \"${PODS_PODFILE_DIR_PATH}/Podfile.lock\" \"${PODS_ROOT}/Manifest.lock\" > /dev/null\nif [ $? != 0 ] ; then\n    # print error to STDERR\n    echo \"error: The sandbox is not in sync with the Podfile.lock. Run 'pod install' or update your CocoaPods installation.\" >&2\n    exit 1\nfi\n# This output is used by Xcode 'outputs' to avoid re-running this script phase.\necho \"SUCCESS\" > \"${SCRIPT_OUTPUT_FILE_0}\"\n";
			showEnvVarsInLog = 0;
		};
		E87EF2AB8461EA06E327D2CC /* [CP] Check Pods Manifest.lock */ = {
			isa = PBXShellScriptBuildPhase;
			buildActionMask = 2147483647;
			files = (
			);
			inputFileListPaths = (
			);
			inputPaths = (
				"${PODS_PODFILE_DIR_PATH}/Podfile.lock",
				"${PODS_ROOT}/Manifest.lock",
			);
			name = "[CP] Check Pods Manifest.lock";
			outputFileListPaths = (
			);
			outputPaths = (
				"$(DERIVED_FILE_DIR)/Pods-AccountSetup-checkManifestLockResult.txt",
			);
			runOnlyForDeploymentPostprocessing = 0;
			shellPath = /bin/sh;
			shellScript = "diff \"${PODS_PODFILE_DIR_PATH}/Podfile.lock\" \"${PODS_ROOT}/Manifest.lock\" > /dev/null\nif [ $? != 0 ] ; then\n    # print error to STDERR\n    echo \"error: The sandbox is not in sync with the Podfile.lock. Run 'pod install' or update your CocoaPods installation.\" >&2\n    exit 1\nfi\n# This output is used by Xcode 'outputs' to avoid re-running this script phase.\necho \"SUCCESS\" > \"${SCRIPT_OUTPUT_FILE_0}\"\n";
			showEnvVarsInLog = 0;
		};
		F12E0197570DC68D5891BF6C /* [CP] Embed Pods Frameworks */ = {
			isa = PBXShellScriptBuildPhase;
			buildActionMask = 2147483647;
			files = (
			);
			inputFileListPaths = (
			);
			inputPaths = (
				"${SRCROOT}/Pods/Target Support Files/Pods-AccountSetup/Pods-AccountSetup-frameworks.sh",
				"${BUILT_PRODUCTS_DIR}/Bolts/Bolts.framework",
				"${BUILT_PRODUCTS_DIR}/BoringSSL/openssl.framework",
				"${BUILT_PRODUCTS_DIR}/FBSDKCoreKit/FBSDKCoreKit.framework",
				"${BUILT_PRODUCTS_DIR}/FBSDKLoginKit/FBSDKLoginKit.framework",
				"${BUILT_PRODUCTS_DIR}/GTMOAuth2/GTMOAuth2.framework",
				"${BUILT_PRODUCTS_DIR}/GTMSessionFetcher/GTMSessionFetcher.framework",
				"${BUILT_PRODUCTS_DIR}/GoogleToolboxForMac/GoogleToolboxForMac.framework",
				"${BUILT_PRODUCTS_DIR}/GoogleUtilities/GoogleUtilities.framework",
				"${BUILT_PRODUCTS_DIR}/Protobuf/Protobuf.framework",
				"${BUILT_PRODUCTS_DIR}/SDWebImage/SDWebImage.framework",
				"${PODS_ROOT}/TwitterCore/iOS/TwitterCore.framework",
				"${PODS_ROOT}/TwitterKit/iOS/TwitterKit.framework",
				"${BUILT_PRODUCTS_DIR}/gRPC/GRPCClient.framework",
				"${BUILT_PRODUCTS_DIR}/gRPC-C++/grpcpp.framework",
				"${BUILT_PRODUCTS_DIR}/gRPC-Core/grpc.framework",
				"${BUILT_PRODUCTS_DIR}/gRPC-ProtoRPC/ProtoRPC.framework",
				"${BUILT_PRODUCTS_DIR}/gRPC-RxLibrary/RxLibrary.framework",
				"${BUILT_PRODUCTS_DIR}/leveldb-library/leveldb.framework",
				"${BUILT_PRODUCTS_DIR}/nanopb/nanopb.framework",
			);
			name = "[CP] Embed Pods Frameworks";
			outputFileListPaths = (
			);
			outputPaths = (
				"${TARGET_BUILD_DIR}/${FRAMEWORKS_FOLDER_PATH}/Bolts.framework",
				"${TARGET_BUILD_DIR}/${FRAMEWORKS_FOLDER_PATH}/openssl.framework",
				"${TARGET_BUILD_DIR}/${FRAMEWORKS_FOLDER_PATH}/FBSDKCoreKit.framework",
				"${TARGET_BUILD_DIR}/${FRAMEWORKS_FOLDER_PATH}/FBSDKLoginKit.framework",
				"${TARGET_BUILD_DIR}/${FRAMEWORKS_FOLDER_PATH}/GTMOAuth2.framework",
				"${TARGET_BUILD_DIR}/${FRAMEWORKS_FOLDER_PATH}/GTMSessionFetcher.framework",
				"${TARGET_BUILD_DIR}/${FRAMEWORKS_FOLDER_PATH}/GoogleToolboxForMac.framework",
				"${TARGET_BUILD_DIR}/${FRAMEWORKS_FOLDER_PATH}/GoogleUtilities.framework",
				"${TARGET_BUILD_DIR}/${FRAMEWORKS_FOLDER_PATH}/Protobuf.framework",
				"${TARGET_BUILD_DIR}/${FRAMEWORKS_FOLDER_PATH}/SDWebImage.framework",
				"${TARGET_BUILD_DIR}/${FRAMEWORKS_FOLDER_PATH}/TwitterCore.framework",
				"${TARGET_BUILD_DIR}/${FRAMEWORKS_FOLDER_PATH}/TwitterKit.framework",
				"${TARGET_BUILD_DIR}/${FRAMEWORKS_FOLDER_PATH}/GRPCClient.framework",
				"${TARGET_BUILD_DIR}/${FRAMEWORKS_FOLDER_PATH}/grpcpp.framework",
				"${TARGET_BUILD_DIR}/${FRAMEWORKS_FOLDER_PATH}/grpc.framework",
				"${TARGET_BUILD_DIR}/${FRAMEWORKS_FOLDER_PATH}/ProtoRPC.framework",
				"${TARGET_BUILD_DIR}/${FRAMEWORKS_FOLDER_PATH}/RxLibrary.framework",
				"${TARGET_BUILD_DIR}/${FRAMEWORKS_FOLDER_PATH}/leveldb.framework",
				"${TARGET_BUILD_DIR}/${FRAMEWORKS_FOLDER_PATH}/nanopb.framework",
			);
			runOnlyForDeploymentPostprocessing = 0;
			shellPath = /bin/sh;
			shellScript = "\"${SRCROOT}/Pods/Target Support Files/Pods-AccountSetup/Pods-AccountSetup-frameworks.sh\"\n";
			showEnvVarsInLog = 0;
		};
/* End PBXShellScriptBuildPhase section */

/* Begin PBXSourcesBuildPhase section */
		FDFA237F21A359300015AFE4 /* Sources */ = {
			isa = PBXSourcesBuildPhase;
			buildActionMask = 2147483647;
			files = (
				FDFA238921A359300015AFE4 /* ViewController.swift in Sources */,
				FDFA238721A359300015AFE4 /* AppDelegate.swift in Sources */,
			);
			runOnlyForDeploymentPostprocessing = 0;
		};
		FDFA239321A359310015AFE4 /* Sources */ = {
			isa = PBXSourcesBuildPhase;
			buildActionMask = 2147483647;
			files = (
				FDFA239C21A359310015AFE4 /* AccountSetupTests.swift in Sources */,
			);
			runOnlyForDeploymentPostprocessing = 0;
		};
		FDFA239E21A359310015AFE4 /* Sources */ = {
			isa = PBXSourcesBuildPhase;
			buildActionMask = 2147483647;
			files = (
				FDFA23A721A359310015AFE4 /* AccountSetupUITests.swift in Sources */,
			);
			runOnlyForDeploymentPostprocessing = 0;
		};
/* End PBXSourcesBuildPhase section */

/* Begin PBXTargetDependency section */
		FDFA239921A359310015AFE4 /* PBXTargetDependency */ = {
			isa = PBXTargetDependency;
			target = FDFA238221A359300015AFE4 /* AccountSetup */;
			targetProxy = FDFA239821A359310015AFE4 /* PBXContainerItemProxy */;
		};
		FDFA23A421A359310015AFE4 /* PBXTargetDependency */ = {
			isa = PBXTargetDependency;
			target = FDFA238221A359300015AFE4 /* AccountSetup */;
			targetProxy = FDFA23A321A359310015AFE4 /* PBXContainerItemProxy */;
		};
/* End PBXTargetDependency section */

/* Begin PBXVariantGroup section */
		FDFA238A21A359300015AFE4 /* Main.storyboard */ = {
			isa = PBXVariantGroup;
			children = (
				FDFA238B21A359300015AFE4 /* Base */,
			);
			name = Main.storyboard;
			sourceTree = "<group>";
		};
		FDFA238F21A359300015AFE4 /* LaunchScreen.storyboard */ = {
			isa = PBXVariantGroup;
			children = (
				FDFA239021A359300015AFE4 /* Base */,
			);
			name = LaunchScreen.storyboard;
			sourceTree = "<group>";
		};
/* End PBXVariantGroup section */

/* Begin XCBuildConfiguration section */
		FDFA23A921A359310015AFE4 /* Debug */ = {
			isa = XCBuildConfiguration;
			buildSettings = {
				ALWAYS_SEARCH_USER_PATHS = NO;
				CLANG_ANALYZER_NONNULL = YES;
				CLANG_ANALYZER_NUMBER_OBJECT_CONVERSION = YES_AGGRESSIVE;
				CLANG_CXX_LANGUAGE_STANDARD = "gnu++14";
				CLANG_CXX_LIBRARY = "libc++";
				CLANG_ENABLE_MODULES = YES;
				CLANG_ENABLE_OBJC_ARC = YES;
				CLANG_ENABLE_OBJC_WEAK = YES;
				CLANG_WARN_BLOCK_CAPTURE_AUTORELEASING = YES;
				CLANG_WARN_BOOL_CONVERSION = YES;
				CLANG_WARN_COMMA = YES;
				CLANG_WARN_CONSTANT_CONVERSION = YES;
				CLANG_WARN_DEPRECATED_OBJC_IMPLEMENTATIONS = YES;
				CLANG_WARN_DIRECT_OBJC_ISA_USAGE = YES_ERROR;
				CLANG_WARN_DOCUMENTATION_COMMENTS = YES;
				CLANG_WARN_EMPTY_BODY = YES;
				CLANG_WARN_ENUM_CONVERSION = YES;
				CLANG_WARN_INFINITE_RECURSION = YES;
				CLANG_WARN_INT_CONVERSION = YES;
				CLANG_WARN_NON_LITERAL_NULL_CONVERSION = YES;
				CLANG_WARN_OBJC_IMPLICIT_RETAIN_SELF = YES;
				CLANG_WARN_OBJC_LITERAL_CONVERSION = YES;
				CLANG_WARN_OBJC_ROOT_CLASS = YES_ERROR;
				CLANG_WARN_RANGE_LOOP_ANALYSIS = YES;
				CLANG_WARN_STRICT_PROTOTYPES = YES;
				CLANG_WARN_SUSPICIOUS_MOVE = YES;
				CLANG_WARN_UNGUARDED_AVAILABILITY = YES_AGGRESSIVE;
				CLANG_WARN_UNREACHABLE_CODE = YES;
				CLANG_WARN__DUPLICATE_METHOD_MATCH = YES;
				CODE_SIGN_IDENTITY = "iPhone Developer";
				COPY_PHASE_STRIP = NO;
				DEBUG_INFORMATION_FORMAT = dwarf;
				ENABLE_STRICT_OBJC_MSGSEND = YES;
				ENABLE_TESTABILITY = YES;
				GCC_C_LANGUAGE_STANDARD = gnu11;
				GCC_DYNAMIC_NO_PIC = NO;
				GCC_NO_COMMON_BLOCKS = YES;
				GCC_OPTIMIZATION_LEVEL = 0;
				GCC_PREPROCESSOR_DEFINITIONS = (
					"DEBUG=1",
					"$(inherited)",
				);
				GCC_WARN_64_TO_32_BIT_CONVERSION = YES;
				GCC_WARN_ABOUT_RETURN_TYPE = YES_ERROR;
				GCC_WARN_UNDECLARED_SELECTOR = YES;
				GCC_WARN_UNINITIALIZED_AUTOS = YES_AGGRESSIVE;
				GCC_WARN_UNUSED_FUNCTION = YES;
				GCC_WARN_UNUSED_VARIABLE = YES;
				IPHONEOS_DEPLOYMENT_TARGET = 12.0;
				MTL_ENABLE_DEBUG_INFO = INCLUDE_SOURCE;
				MTL_FAST_MATH = YES;
				ONLY_ACTIVE_ARCH = YES;
				SDKROOT = iphoneos;
				SWIFT_ACTIVE_COMPILATION_CONDITIONS = DEBUG;
				SWIFT_OPTIMIZATION_LEVEL = "-Onone";
			};
			name = Debug;
		};
		FDFA23AA21A359310015AFE4 /* Release */ = {
			isa = XCBuildConfiguration;
			buildSettings = {
				ALWAYS_SEARCH_USER_PATHS = NO;
				CLANG_ANALYZER_NONNULL = YES;
				CLANG_ANALYZER_NUMBER_OBJECT_CONVERSION = YES_AGGRESSIVE;
				CLANG_CXX_LANGUAGE_STANDARD = "gnu++14";
				CLANG_CXX_LIBRARY = "libc++";
				CLANG_ENABLE_MODULES = YES;
				CLANG_ENABLE_OBJC_ARC = YES;
				CLANG_ENABLE_OBJC_WEAK = YES;
				CLANG_WARN_BLOCK_CAPTURE_AUTORELEASING = YES;
				CLANG_WARN_BOOL_CONVERSION = YES;
				CLANG_WARN_COMMA = YES;
				CLANG_WARN_CONSTANT_CONVERSION = YES;
				CLANG_WARN_DEPRECATED_OBJC_IMPLEMENTATIONS = YES;
				CLANG_WARN_DIRECT_OBJC_ISA_USAGE = YES_ERROR;
				CLANG_WARN_DOCUMENTATION_COMMENTS = YES;
				CLANG_WARN_EMPTY_BODY = YES;
				CLANG_WARN_ENUM_CONVERSION = YES;
				CLANG_WARN_INFINITE_RECURSION = YES;
				CLANG_WARN_INT_CONVERSION = YES;
				CLANG_WARN_NON_LITERAL_NULL_CONVERSION = YES;
				CLANG_WARN_OBJC_IMPLICIT_RETAIN_SELF = YES;
				CLANG_WARN_OBJC_LITERAL_CONVERSION = YES;
				CLANG_WARN_OBJC_ROOT_CLASS = YES_ERROR;
				CLANG_WARN_RANGE_LOOP_ANALYSIS = YES;
				CLANG_WARN_STRICT_PROTOTYPES = YES;
				CLANG_WARN_SUSPICIOUS_MOVE = YES;
				CLANG_WARN_UNGUARDED_AVAILABILITY = YES_AGGRESSIVE;
				CLANG_WARN_UNREACHABLE_CODE = YES;
				CLANG_WARN__DUPLICATE_METHOD_MATCH = YES;
				CODE_SIGN_IDENTITY = "iPhone Developer";
				COPY_PHASE_STRIP = NO;
				DEBUG_INFORMATION_FORMAT = "dwarf-with-dsym";
				ENABLE_NS_ASSERTIONS = NO;
				ENABLE_STRICT_OBJC_MSGSEND = YES;
				GCC_C_LANGUAGE_STANDARD = gnu11;
				GCC_NO_COMMON_BLOCKS = YES;
				GCC_WARN_64_TO_32_BIT_CONVERSION = YES;
				GCC_WARN_ABOUT_RETURN_TYPE = YES_ERROR;
				GCC_WARN_UNDECLARED_SELECTOR = YES;
				GCC_WARN_UNINITIALIZED_AUTOS = YES_AGGRESSIVE;
				GCC_WARN_UNUSED_FUNCTION = YES;
				GCC_WARN_UNUSED_VARIABLE = YES;
				IPHONEOS_DEPLOYMENT_TARGET = 12.0;
				MTL_ENABLE_DEBUG_INFO = NO;
				MTL_FAST_MATH = YES;
				SDKROOT = iphoneos;
				SWIFT_COMPILATION_MODE = wholemodule;
				SWIFT_OPTIMIZATION_LEVEL = "-O";
				VALIDATE_PRODUCT = YES;
			};
			name = Release;
		};
		FDFA23AC21A359310015AFE4 /* Debug */ = {
			isa = XCBuildConfiguration;
			baseConfigurationReference = DC7206B99E71595EC881045B /* Pods-AccountSetup.debug.xcconfig */;
			buildSettings = {
				ASSETCATALOG_COMPILER_APPICON_NAME = AppIcon;
				CODE_SIGN_STYLE = Automatic;
				INFOPLIST_FILE = AccountSetup/Info.plist;
				LD_RUNPATH_SEARCH_PATHS = (
					"$(inherited)",
					"@executable_path/Frameworks",
				);
				PRODUCT_BUNDLE_IDENTIFIER = com.Helloworld.AccountSetup;
				PRODUCT_NAME = "$(TARGET_NAME)";
				SWIFT_VERSION = 4.2;
				TARGETED_DEVICE_FAMILY = "1,2";
			};
			name = Debug;
		};
		FDFA23AD21A359310015AFE4 /* Release */ = {
			isa = XCBuildConfiguration;
			baseConfigurationReference = 02230DA454A6093A87BB7FED /* Pods-AccountSetup.release.xcconfig */;
			buildSettings = {
				ASSETCATALOG_COMPILER_APPICON_NAME = AppIcon;
				CODE_SIGN_STYLE = Automatic;
				INFOPLIST_FILE = AccountSetup/Info.plist;
				LD_RUNPATH_SEARCH_PATHS = (
					"$(inherited)",
					"@executable_path/Frameworks",
				);
				PRODUCT_BUNDLE_IDENTIFIER = com.Helloworld.AccountSetup;
				PRODUCT_NAME = "$(TARGET_NAME)";
				SWIFT_VERSION = 4.2;
				TARGETED_DEVICE_FAMILY = "1,2";
			};
			name = Release;
		};
		FDFA23AF21A359310015AFE4 /* Debug */ = {
			isa = XCBuildConfiguration;
			baseConfigurationReference = E6B7DC480F7EF0BA0BAA8A25 /* Pods-AccountSetupTests.debug.xcconfig */;
			buildSettings = {
				ALWAYS_EMBED_SWIFT_STANDARD_LIBRARIES = YES;
				BUNDLE_LOADER = "$(TEST_HOST)";
				CODE_SIGN_STYLE = Automatic;
				INFOPLIST_FILE = AccountSetupTests/Info.plist;
				LD_RUNPATH_SEARCH_PATHS = (
					"$(inherited)",
					"@executable_path/Frameworks",
					"@loader_path/Frameworks",
				);
				PRODUCT_BUNDLE_IDENTIFIER = com.Helloworld.AccountSetupTests;
				PRODUCT_NAME = "$(TARGET_NAME)";
				SWIFT_VERSION = 4.2;
				TARGETED_DEVICE_FAMILY = "1,2";
				TEST_HOST = "$(BUILT_PRODUCTS_DIR)/AccountSetup.app/AccountSetup";
			};
			name = Debug;
		};
		FDFA23B021A359310015AFE4 /* Release */ = {
			isa = XCBuildConfiguration;
			baseConfigurationReference = 130CAF2C4B378077CD448511 /* Pods-AccountSetupTests.release.xcconfig */;
			buildSettings = {
				ALWAYS_EMBED_SWIFT_STANDARD_LIBRARIES = YES;
				BUNDLE_LOADER = "$(TEST_HOST)";
				CODE_SIGN_STYLE = Automatic;
				INFOPLIST_FILE = AccountSetupTests/Info.plist;
				LD_RUNPATH_SEARCH_PATHS = (
					"$(inherited)",
					"@executable_path/Frameworks",
					"@loader_path/Frameworks",
				);
				PRODUCT_BUNDLE_IDENTIFIER = com.Helloworld.AccountSetupTests;
				PRODUCT_NAME = "$(TARGET_NAME)";
				SWIFT_VERSION = 4.2;
				TARGETED_DEVICE_FAMILY = "1,2";
				TEST_HOST = "$(BUILT_PRODUCTS_DIR)/AccountSetup.app/AccountSetup";
			};
			name = Release;
		};
		FDFA23B221A359310015AFE4 /* Debug */ = {
			isa = XCBuildConfiguration;
			baseConfigurationReference = 5971A43566C62872622D39CC /* Pods-AccountSetupUITests.debug.xcconfig */;
			buildSettings = {
				ALWAYS_EMBED_SWIFT_STANDARD_LIBRARIES = YES;
				CODE_SIGN_STYLE = Automatic;
				INFOPLIST_FILE = AccountSetupUITests/Info.plist;
				LD_RUNPATH_SEARCH_PATHS = (
					"$(inherited)",
					"@executable_path/Frameworks",
					"@loader_path/Frameworks",
				);
				PRODUCT_BUNDLE_IDENTIFIER = com.Helloworld.AccountSetupUITests;
				PRODUCT_NAME = "$(TARGET_NAME)";
				SWIFT_VERSION = 4.2;
				TARGETED_DEVICE_FAMILY = "1,2";
				TEST_TARGET_NAME = AccountSetup;
			};
			name = Debug;
		};
		FDFA23B321A359310015AFE4 /* Release */ = {
			isa = XCBuildConfiguration;
			baseConfigurationReference = 37EA72DC379280146D3FD94C /* Pods-AccountSetupUITests.release.xcconfig */;
			buildSettings = {
				ALWAYS_EMBED_SWIFT_STANDARD_LIBRARIES = YES;
				CODE_SIGN_STYLE = Automatic;
				INFOPLIST_FILE = AccountSetupUITests/Info.plist;
				LD_RUNPATH_SEARCH_PATHS = (
					"$(inherited)",
					"@executable_path/Frameworks",
					"@loader_path/Frameworks",
				);
				PRODUCT_BUNDLE_IDENTIFIER = com.Helloworld.AccountSetupUITests;
				PRODUCT_NAME = "$(TARGET_NAME)";
				SWIFT_VERSION = 4.2;
				TARGETED_DEVICE_FAMILY = "1,2";
				TEST_TARGET_NAME = AccountSetup;
			};
			name = Release;
		};
/* End XCBuildConfiguration section */

/* Begin XCConfigurationList section */
		FDFA237E21A359300015AFE4 /* Build configuration list for PBXProject "AccountSetup" */ = {
			isa = XCConfigurationList;
			buildConfigurations = (
				FDFA23A921A359310015AFE4 /* Debug */,
				FDFA23AA21A359310015AFE4 /* Release */,
			);
			defaultConfigurationIsVisible = 0;
			defaultConfigurationName = Release;
		};
		FDFA23AB21A359310015AFE4 /* Build configuration list for PBXNativeTarget "AccountSetup" */ = {
			isa = XCConfigurationList;
			buildConfigurations = (
				FDFA23AC21A359310015AFE4 /* Debug */,
				FDFA23AD21A359310015AFE4 /* Release */,
			);
			defaultConfigurationIsVisible = 0;
			defaultConfigurationName = Release;
		};
		FDFA23AE21A359310015AFE4 /* Build configuration list for PBXNativeTarget "AccountSetupTests" */ = {
			isa = XCConfigurationList;
			buildConfigurations = (
				FDFA23AF21A359310015AFE4 /* Debug */,
				FDFA23B021A359310015AFE4 /* Release */,
			);
			defaultConfigurationIsVisible = 0;
			defaultConfigurationName = Release;
		};
		FDFA23B121A359310015AFE4 /* Build configuration list for PBXNativeTarget "AccountSetupUITests" */ = {
			isa = XCConfigurationList;
			buildConfigurations = (
				FDFA23B221A359310015AFE4 /* Debug */,
				FDFA23B321A359310015AFE4 /* Release */,
			);
			defaultConfigurationIsVisible = 0;
			defaultConfigurationName = Release;
		};
/* End XCConfigurationList section */
	};
	rootObject = FDFA237B21A359300015AFE4 /* Project object */;
}
